
Microsoft Visual Studio Solution File, Format Version 12.00
# Visual Studio Version 17
VisualStudioVersion = 17.8.34511.84
MinimumVisualStudioVersion = 10.0.40219.1
Project("{9A19103F-16F7-4668-BE54-9A1E7A4F7556}") = "TrudnyMagazyn", "egzamin\TrudnyMagazyn.csproj", "{F24C76AF-7866-4594-A18F-341782AF2A7C}"
EndProject
Project("{FAE04EC0-301F-11D3-BF4B-00C04F79EFBC}") = "MalyMagazyn", "MalyMagazyn\MalyMagazyn.csproj", "{F39C8C06-EA0F-4ABD-83B7-F66C0D7404C4}"
EndProject
Project("{FAE04EC0-301F-11D3-BF4B-00C04F79EFBC}") = "DuzyMagazyn", "DuzyMagazyn\DuzyMagazyn.csproj", "{B13D8576-8E61-4A77-974E-E176BB6DC6E1}"
EndProject
Global
	GlobalSection(SolutionConfigurationPlatforms) = preSolution
		Debug|Any CPU = Debug|Any CPU
		Release|Any CPU = Release|Any CPU
	EndGlobalSection
	GlobalSection(ProjectConfigurationPlatforms) = postSolution
		{F24C76AF-7866-4594-A18F-341782AF2A7C}.Debug|Any CPU.ActiveCfg = Debug|Any CPU
		{F24C76AF-7866-4594-A18F-341782AF2A7C}.Debug|Any CPU.Build.0 = Debug|Any CPU
		{F24C76AF-7866-4594-A18F-341782AF2A7C}.Release|Any CPU.ActiveCfg = Release|Any CPU
		{F24C76AF-7866-4594-A18F-341782AF2A7C}.Release|Any CPU.Build.0 = Release|Any CPU
		{F39C8C06-EA0F-4ABD-83B7-F66C0D7404C4}.Debug|Any CPU.ActiveCfg = Debug|Any CPU
		{F39C8C06-EA0F-4ABD-83B7-F66C0D7404C4}.Debug|Any CPU.Build.0 = Debug|Any CPU
		{F39C8C06-EA0F-4ABD-83B7-F66C0D7404C4}.Release|Any CPU.ActiveCfg = Release|Any CPU
		{F39C8C06-EA0F-4ABD-83B7-F66C0D7404C4}.Release|Any CPU.Build.0 = Release|Any CPU
		{B13D8576-8E61-4A77-974E-E176BB6DC6E1}.Debug|Any CPU.ActiveCfg = Debug|Any CPU
		{B13D8576-8E61-4A77-974E-E176BB6DC6E1}.Debug|Any CPU.Build.0 = Debug|Any CPU
		{B13D8576-8E61-4A77-974E-E176BB6DC6E1}.Release|Any CPU.ActiveCfg = Release|Any CPU
		{B13D8576-8E61-4A77-974E-E176BB6DC6E1}.Release|Any CPU.Build.0 = Release|Any CPU
	EndGlobalSection
	GlobalSection(SolutionProperties) = preSolution
		HideSolutionNode = FALSE
	EndGlobalSection
	GlobalSection(ExtensibilityGlobals) = postSolution
		SolutionGuid = {A573EB9F-D5A3-4171-B3EC-B09239333AC8}
	EndGlobalSection
EndGlobal
